{
  "name": "airin-portfolio-website",
  "version": "1.0.0",
  "lockfileVersion": 3,
  "requires": true,
  "packages": {
    "": {
      "name": "airin-portfolio-website",
      "version": "1.0.0",
      "license": "ISC",
      "dependencies": {
        "@fortawesome/fontawesome-free": "^6.7.1",
        "tailwind-scrollbar-hide": "^1.1.7"
      }
    },
    "node_modules/@fortawesome/fontawesome-free": {
      "version": "6.7.1",
      "resolved": "https://registry.npmjs.org/@fortawesome/fontawesome-free/-/fontawesome-free-6.7.1.tgz",
      "integrity": "sha512-ALIk/MOh5gYe1TG/ieS5mVUsk7VUIJTJKPMK9rFFqOgfp0Q3d5QiBXbcOMwUvs37fyZVCz46YjOE6IFeOAXCHA==",
      "license": "(CC-BY-4.0 AND OFL-1.1 AND MIT)",
      "engines": {
        "node": ">=6"
      }
    },
    "node_modules/tailwind-scrollbar-hide": {
      "version": "1.1.7",
      "resolved": "https://registry.npmjs.org/tailwind-scrollbar-hide/-/tailwind-scrollbar-hide-1.1.7.tgz",
      "integrity": "sha512-X324n9OtpTmOMqEgDUEA/RgLrNfBF/jwJdctaPZDzB3mppxJk7TLIDmOreEDm1Bq4R9LSPu4Epf8VSdovNU+iA==",
      "license": "MIT"
    }
  }
}
